dependencies:
- name: influxdb2
  repository: https://helm.influxdata.com/
  version: 2.1.2
- name: telegraf
  repository: https://helm.influxdata.com/
  version: 1.8.48
- name: opentelemetry-collector
  repository: https://open-telemetry.github.io/opentelemetry-helm-charts
  version: 0.90.1
digest: sha256:46b2a5a804a7b170d7c31b2d86abee5b94d4141a003eab8cdba4426380be6eef
generated: "2024-06-03T12:28:36.542976+02:00"
